
Microsoft Visual Studio Solution File, Format Version 12.00
# Visual Studio Version 16
VisualStudioVersion = 16.0.30611.23
MinimumVisualStudioVersion = 10.0.40219.1
Project("{FAE04EC0-301F-11D3-BF4B-00C04F79EFBC}") = "5x5shafler", "5x5shafler\5x5shafler.csproj", "{EBDFB226-10E5-4687-90F7-73B22C1EB801}"
EndProject
Global
	GlobalSection(SolutionConfigurationPlatforms) = preSolution
		Debug|Any CPU = Debug|Any CPU
		Release|Any CPU = Release|Any CPU
	EndGlobalSection
	GlobalSection(ProjectConfigurationPlatforms) = postSolution
		{EBDFB226-10E5-4687-90F7-73B22C1EB801}.Debug|Any CPU.ActiveCfg = Debug|Any CPU
		{EBDFB226-10E5-4687-90F7-73B22C1EB801}.Debug|Any CPU.Build.0 = Debug|Any CPU
		{EBDFB226-10E5-4687-90F7-73B22C1EB801}.Release|Any CPU.ActiveCfg = Release|Any CPU
		{EBDFB226-10E5-4687-90F7-73B22C1EB801}.Release|Any CPU.Build.0 = Release|Any CPU
	EndGlobalSection
	GlobalSection(SolutionProperties) = preSolution
		HideSolutionNode = FALSE
	EndGlobalSection
	GlobalSection(ExtensibilityGlobals) = postSolution
		SolutionGuid = {A1B68D8C-64D9-47AD-AD56-D2F2F2A36BF6}
	EndGlobalSection
EndGlobal
